github.com/hanwen/go-fuse v0.0.0-20190726130028-2f298055551b h1:oUwn+w6XmXlah84XM7iSqKcr6ojbKUED0o4JVpGW7n4=
github.com/hanwen/go-fuse v0.0.0-20190726130028-2f298055551b/go.mod h1:PHVWttMW0DYH6ESFXdZ8S+STmGjwEuGX6gsCPi605mg=
github.com/hanwen/go-fuse v1.0.0 h1:GxS9Zrn6c35/BnfiVsZVWmsG803xwE7eVRDvcf/BEVc=
github.com/hanwen/go-fuse v1.0.0/go.mod h1:unqXarDXqzAk0rt98O2tVndEPIpUgLD9+rwFisZH3Ok=
github.com/hanwen/go-fuse/v2 v2.0.1 h1:ZqWzfYbVQe/xSDDFNqW9Ivl+AwWt+t0/5lWLhbroJTM=
github.com/hanwen/go-fuse/v2 v2.0.1/go.mod h1:OT5e1HOVxxQyq/qgsYpObejwriAgou9DURqOpiGxWfI=
github.com/hanwen/go-fuse/v2 v2.0.2 h1:BtsqKI5RXOqDMnTgpCb0IWgvRgGLJdqYVZ/Hm6KgKto=
github.com/hanwen/go-fuse/v2 v2.0.2/go.mod h1:HH3ygZOoyRbP9y2q7y3+JM6hPL+Epe29IbWaS0UA81o=
github.com/hanwen/go-fuse/v2 v2.4.0 h1:12OhD7CkXXQdvxG2osIdBQLdXh+nmLXY9unkUIe/xaU=
github.com/hanwen/go-fuse/v2 v2.4.0/go.mod h1:xKwi1cF7nXAOBCXujD5ie0ZKsxc8GGSA1rlMJc+8IJs=
github.com/hanwen/usb v0.0.0-20141217151552-69aee4530ac7 h1:fJ8PRDCj5Fa3oEwweff/QaCGUYjLjGUmCgeOUT+JkJM=
github.com/hanwen/usb v0.0.0-20141217151552-69aee4530ac7/go.mod h1:yF/X+HyjXB5nFLDk2wr03cx0BRaFJ7iaAPFGRaKnwEk=
github.com/kylelemons/godebug v0.0.0-20170820004349-d65d576e9348/go.mod h1:B69LEHPfb2qLo0BaaOLcbitczOKLWTsrBG9LczfCD4k=
github.com/kylelemons/godebug v1.1.0/go.mod h1:9/0rRGxNHcop5bhtWyNeEfOS8JIWk580+fNqagV/RAw=
github.com/moby/sys/mountinfo v0.6.2/go.mod h1:IJb6JQeOklcdMU9F5xQ8ZALD+CUr5VlGpwtX+VE0rpI=
golang.org/x/sync v0.0.0-20201207232520-09787c993a3a/go.mod h1:RxMgew5VJxzue5/jJTE5uejpjVlOe/izrB70Jof72aM=
golang.org/x/sys v0.0.0-20180830151530-49385e6e1522 h1:Ve1ORMCxvRmSXBwJK+t3Oy+V2vRW2OetUQBq4rJIkZE=
golang.org/x/sys v0.0.0-20180830151530-49385e6e1522/go.mod h1:STP8DvDyc/dI5b8T5hshtkjS+E42TnysNCUPdjciGhY=
golang.org/x/sys v0.0.0-20190826190057-c7b8b68b1456 h1:ng0gs1AKnRRuEMZoTLLlbOd+C17zUDepwGQBb/n+JVg=
golang.org/x/sys v0.0.0-20190826190057-c7b8b68b1456/go.mod h1:h1NjWce9XRLGQEsW7wpKNCjG9DtNlClVuFLEZdDNbEs=
golang.org/x/sys v0.0.0-20220520151302-bc2c85ada10a h1:dGzPydgVsqGcTRVwiLJ1jVbufYwmzD3LfVPLKsKg+0k=
golang.org/x/sys v0.0.0-20220520151302-bc2c85ada10a/go.mod h1:oPkhp1MJrh7nUepCBck5+mAzfO9JrbApNNgaTdGDITg=
